
Microsoft Visual Studio Solution File, Format Version 12.00
# Visual Studio Version 17
VisualStudioVersion = 17.7.34031.279
MinimumVisualStudioVersion = 10.0.40219.1
Project("{FAE04EC0-301F-11D3-BF4B-00C04F79EFBC}") = "UserAPISample2", "UserAPISample2\UserAPISample2.csproj", "{8808170B-2F08-412B-8F3A-A192EF489160}"
EndProject
Project("{FAE04EC0-301F-11D3-BF4B-00C04F79EFBC}") = "UserAPISample2.Test", "UserAPISample2.Test\UserAPISample2.Test.csproj", "{BEFDF46F-B768-437D-BCF4-238FB7A463A1}"
EndProject
Project("{E53339B2-1760-4266-BCC7-CA923CBCF16C}") = "docker-compose", "docker-compose.dcproj", "{141278FA-7182-4829-AD8F-B742E3EF72F7}"
EndProject
Global
	GlobalSection(SolutionConfigurationPlatforms) = preSolution
		Debug|Any CPU = Debug|Any CPU
		Release|Any CPU = Release|Any CPU
	EndGlobalSection
	GlobalSection(ProjectConfigurationPlatforms) = postSolution
		{8808170B-2F08-412B-8F3A-A192EF489160}.Debug|Any CPU.ActiveCfg = Debug|Any CPU
		{8808170B-2F08-412B-8F3A-A192EF489160}.Debug|Any CPU.Build.0 = Debug|Any CPU
		{8808170B-2F08-412B-8F3A-A192EF489160}.Release|Any CPU.ActiveCfg = Release|Any CPU
		{8808170B-2F08-412B-8F3A-A192EF489160}.Release|Any CPU.Build.0 = Release|Any CPU
		{BEFDF46F-B768-437D-BCF4-238FB7A463A1}.Debug|Any CPU.ActiveCfg = Debug|Any CPU
		{BEFDF46F-B768-437D-BCF4-238FB7A463A1}.Debug|Any CPU.Build.0 = Debug|Any CPU
		{BEFDF46F-B768-437D-BCF4-238FB7A463A1}.Release|Any CPU.ActiveCfg = Release|Any CPU
		{BEFDF46F-B768-437D-BCF4-238FB7A463A1}.Release|Any CPU.Build.0 = Release|Any CPU
		{141278FA-7182-4829-AD8F-B742E3EF72F7}.Debug|Any CPU.ActiveCfg = Debug|Any CPU
		{141278FA-7182-4829-AD8F-B742E3EF72F7}.Debug|Any CPU.Build.0 = Debug|Any CPU
		{141278FA-7182-4829-AD8F-B742E3EF72F7}.Release|Any CPU.ActiveCfg = Release|Any CPU
		{141278FA-7182-4829-AD8F-B742E3EF72F7}.Release|Any CPU.Build.0 = Release|Any CPU
	EndGlobalSection
	GlobalSection(SolutionProperties) = preSolution
		HideSolutionNode = FALSE
	EndGlobalSection
	GlobalSection(ExtensibilityGlobals) = postSolution
		SolutionGuid = {BBA6E654-A24D-4264-A0A7-64C183FCC16E}
	EndGlobalSection
EndGlobal
